
Microsoft Visual Studio Solution File, Format Version 12.00
# Visual Studio Version 16
VisualStudioVersion = 16.0.30002.166
MinimumVisualStudioVersion = 10.0.40219.1
Project("{FAE04EC0-301F-11D3-BF4B-00C04F79EFBC}") = "HackerRank_HighestValuePalindrome", "HackerRank_HighestValuePalindrome\HackerRank_HighestValuePalindrome.csproj", "{336C228B-4814-4D6E-88AE-D79A1AA562A3}"
EndProject
Global
	GlobalSection(SolutionConfigurationPlatforms) = preSolution
		Debug|Any CPU = Debug|Any CPU
		Release|Any CPU = Release|Any CPU
	EndGlobalSection
	GlobalSection(ProjectConfigurationPlatforms) = postSolution
		{336C228B-4814-4D6E-88AE-D79A1AA562A3}.Debug|Any CPU.ActiveCfg = Debug|Any CPU
		{336C228B-4814-4D6E-88AE-D79A1AA562A3}.Debug|Any CPU.Build.0 = Debug|Any CPU
		{336C228B-4814-4D6E-88AE-D79A1AA562A3}.Release|Any CPU.ActiveCfg = Release|Any CPU
		{336C228B-4814-4D6E-88AE-D79A1AA562A3}.Release|Any CPU.Build.0 = Release|Any CPU
	EndGlobalSection
	GlobalSection(SolutionProperties) = preSolution
		HideSolutionNode = FALSE
	EndGlobalSection
	GlobalSection(ExtensibilityGlobals) = postSolution
		SolutionGuid = {809271B3-6DFF-4F3E-B373-1FC284B643CF}
	EndGlobalSection
EndGlobal
